
Microsoft Visual Studio Solution File, Format Version 12.00
# Visual Studio Version 16
VisualStudioVersion = 16.0.30804.86
MinimumVisualStudioVersion = 10.0.40219.1
Project("{FAE04EC0-301F-11D3-BF4B-00C04F79EFBC}") = "DioProjetoDDD", "DioProjetoDDD\DioProjetoDDD.csproj", "{8B82D6CA-9304-4DA4-B879-9D01D338EA88}"
EndProject
Global
	GlobalSection(SolutionConfigurationPlatforms) = preSolution
		Debug|Any CPU = Debug|Any CPU
		Release|Any CPU = Release|Any CPU
	EndGlobalSection
	GlobalSection(ProjectConfigurationPlatforms) = postSolution
		{8B82D6CA-9304-4DA4-B879-9D01D338EA88}.Debug|Any CPU.ActiveCfg = Debug|Any CPU
		{8B82D6CA-9304-4DA4-B879-9D01D338EA88}.Debug|Any CPU.Build.0 = Debug|Any CPU
		{8B82D6CA-9304-4DA4-B879-9D01D338EA88}.Release|Any CPU.ActiveCfg = Release|Any CPU
		{8B82D6CA-9304-4DA4-B879-9D01D338EA88}.Release|Any CPU.Build.0 = Release|Any CPU
	EndGlobalSection
	GlobalSection(SolutionProperties) = preSolution
		HideSolutionNode = FALSE
	EndGlobalSection
	GlobalSection(ExtensibilityGlobals) = postSolution
		SolutionGuid = {69B84697-E88E-47C1-BD80-01D22E5F6B12}
	EndGlobalSection
EndGlobal
